
Microsoft Visual Studio Solution File, Format Version 12.00
# Visual Studio Version 16
VisualStudioVersion = 16.0.30907.101
MinimumVisualStudioVersion = 10.0.40219.1
Project("{9A19103F-16F7-4668-BE54-9A1E7A4F7556}") = "Hefferon.CzechServices", "src\Hefferon.CzechServices.csproj", "{F50FA361-054F-4A2B-9C5F-DD5B220E9A70}"
EndProject
Project("{9A19103F-16F7-4668-BE54-9A1E7A4F7556}") = "Hefferon.CzechServices.Test", "src\Test\Hefferon.CzechServices.Test.csproj", "{4F1113B0-7971-4205-B35A-4D220D3F29F2}"
EndProject
Global
	GlobalSection(SolutionConfigurationPlatforms) = preSolution
		Debug|Any CPU = Debug|Any CPU
		Release|Any CPU = Release|Any CPU
	EndGlobalSection
	GlobalSection(ProjectConfigurationPlatforms) = postSolution
		{F50FA361-054F-4A2B-9C5F-DD5B220E9A70}.Debug|Any CPU.ActiveCfg = Debug|Any CPU
		{F50FA361-054F-4A2B-9C5F-DD5B220E9A70}.Debug|Any CPU.Build.0 = Debug|Any CPU
		{F50FA361-054F-4A2B-9C5F-DD5B220E9A70}.Release|Any CPU.ActiveCfg = Release|Any CPU
		{F50FA361-054F-4A2B-9C5F-DD5B220E9A70}.Release|Any CPU.Build.0 = Release|Any CPU
		{4F1113B0-7971-4205-B35A-4D220D3F29F2}.Debug|Any CPU.ActiveCfg = Debug|Any CPU
		{4F1113B0-7971-4205-B35A-4D220D3F29F2}.Debug|Any CPU.Build.0 = Debug|Any CPU
		{4F1113B0-7971-4205-B35A-4D220D3F29F2}.Release|Any CPU.ActiveCfg = Release|Any CPU
		{4F1113B0-7971-4205-B35A-4D220D3F29F2}.Release|Any CPU.Build.0 = Release|Any CPU
	EndGlobalSection
	GlobalSection(SolutionProperties) = preSolution
		HideSolutionNode = FALSE
	EndGlobalSection
	GlobalSection(ExtensibilityGlobals) = postSolution
		SolutionGuid = {F4EF8CB2-6F18-4778-B225-539E94F30A2B}
	EndGlobalSection
EndGlobal
